
Microsoft Visual Studio Solution File, Format Version 12.00
# Visual Studio 2012
Project("{2150E333-8FDC-42A3-9474-1A3956D46DE8}") = "Beginning", "Beginning", "{36D759B2-0726-437C-B293-42BFD5263B3F}"
EndProject
Project("{f2a71f9b-5d33-465a-a702-920d77279786}") = "FSharpSample", "FSharpSample\FSharpSample.fsproj", "{4A43B462-2A1C-4605-B998-697546F5F694}"
EndProject
Project("{f2a71f9b-5d33-465a-a702-920d77279786}") = "FSharpSample.UnitTests", "FSharpSample\FSharpSample.UnitTests\FSharpSample.UnitTests.fsproj", "{BF006704-3CB9-4AD5-9BEA-C30BAF699E96}"
EndProject
Project("{2150E333-8FDC-42A3-9474-1A3956D46DE8}") = "HTMLTypeProvider", "HTMLTypeProvider", "{CAA3359F-23C4-4D84-B448-F3FA15204D8B}"
EndProject
Project("{f2a71f9b-5d33-465a-a702-920d77279786}") = "PDXRainfall.WebClient", "PDXRainfall.WebClient\PDXRainfall.WebClient.fsproj", "{E6E9CFE9-541B-4DE2-BB24-79E860A92ADB}"
EndProject
Project("{f2a71f9b-5d33-465a-a702-920d77279786}") = "PDXRainfall.UnitTests", "PDXRainfall.UnitTests\PDXRainfall.UnitTests.fsproj", "{01D9EFE2-AE8C-4688-AA76-180595B0B610}"
EndProject
Project("{f2a71f9b-5d33-465a-a702-920d77279786}") = "PDXRainfall", "PDXRainfall\PDXRainfall.fsproj", "{11C8B252-4211-407E-8FDE-5564AAC56973}"
EndProject
Global
	GlobalSection(SolutionConfigurationPlatforms) = preSolution
		Debug|x86 = Debug|x86
		Release|x86 = Release|x86
	EndGlobalSection
	GlobalSection(ProjectConfigurationPlatforms) = postSolution
		{01D9EFE2-AE8C-4688-AA76-180595B0B610}.Debug|x86.ActiveCfg = Debug|Any CPU
		{01D9EFE2-AE8C-4688-AA76-180595B0B610}.Debug|x86.Build.0 = Debug|Any CPU
		{01D9EFE2-AE8C-4688-AA76-180595B0B610}.Release|x86.ActiveCfg = Release|Any CPU
		{01D9EFE2-AE8C-4688-AA76-180595B0B610}.Release|x86.Build.0 = Release|Any CPU
		{11C8B252-4211-407E-8FDE-5564AAC56973}.Debug|x86.ActiveCfg = Debug|x86
		{11C8B252-4211-407E-8FDE-5564AAC56973}.Debug|x86.Build.0 = Debug|x86
		{11C8B252-4211-407E-8FDE-5564AAC56973}.Release|x86.ActiveCfg = Release|x86
		{11C8B252-4211-407E-8FDE-5564AAC56973}.Release|x86.Build.0 = Release|x86
		{4A43B462-2A1C-4605-B998-697546F5F694}.Debug|x86.ActiveCfg = Debug|x86
		{4A43B462-2A1C-4605-B998-697546F5F694}.Debug|x86.Build.0 = Debug|x86
		{4A43B462-2A1C-4605-B998-697546F5F694}.Release|x86.ActiveCfg = Release|x86
		{4A43B462-2A1C-4605-B998-697546F5F694}.Release|x86.Build.0 = Release|x86
		{BF006704-3CB9-4AD5-9BEA-C30BAF699E96}.Debug|x86.ActiveCfg = Debug|Any CPU
		{BF006704-3CB9-4AD5-9BEA-C30BAF699E96}.Debug|x86.Build.0 = Debug|Any CPU
		{BF006704-3CB9-4AD5-9BEA-C30BAF699E96}.Release|x86.ActiveCfg = Release|Any CPU
		{BF006704-3CB9-4AD5-9BEA-C30BAF699E96}.Release|x86.Build.0 = Release|Any CPU
		{E6E9CFE9-541B-4DE2-BB24-79E860A92ADB}.Debug|x86.ActiveCfg = Debug|Any CPU
		{E6E9CFE9-541B-4DE2-BB24-79E860A92ADB}.Debug|x86.Build.0 = Debug|Any CPU
		{E6E9CFE9-541B-4DE2-BB24-79E860A92ADB}.Release|x86.ActiveCfg = Release|Any CPU
		{E6E9CFE9-541B-4DE2-BB24-79E860A92ADB}.Release|x86.Build.0 = Release|Any CPU
	EndGlobalSection
	GlobalSection(NestedProjects) = preSolution
		{4A43B462-2A1C-4605-B998-697546F5F694} = {36D759B2-0726-437C-B293-42BFD5263B3F}
		{BF006704-3CB9-4AD5-9BEA-C30BAF699E96} = {36D759B2-0726-437C-B293-42BFD5263B3F}
		{E6E9CFE9-541B-4DE2-BB24-79E860A92ADB} = {CAA3359F-23C4-4D84-B448-F3FA15204D8B}
		{01D9EFE2-AE8C-4688-AA76-180595B0B610} = {CAA3359F-23C4-4D84-B448-F3FA15204D8B}
		{11C8B252-4211-407E-8FDE-5564AAC56973} = {CAA3359F-23C4-4D84-B448-F3FA15204D8B}
	EndGlobalSection
EndGlobal
