
Microsoft Visual Studio Solution File, Format Version 12.00
# Visual Studio 14
VisualStudioVersion = 14.0.24720.0
MinimumVisualStudioVersion = 10.0.40219.1
Project("{F2A71F9B-5D33-465A-A702-920D77279786}") = "AdventureWorks_FSharp", "AdventureWorks_FSharp\AdventureWorks_FSharp.fsproj", "{DF176648-49FE-4DAA-84A8-F6D27EC90459}"
EndProject
Project("{2150E333-8FDC-42A3-9474-1A3956D46DE8}") = "Database", "Database", "{0CEDB556-4EE9-4713-B1FD-7BC41F722B0D}"
	ProjectSection(SolutionItems) = preProject
		AdventureWorks2014.bak = AdventureWorks2014.bak
		InstallAdventureWorksFromBackup.sql = InstallAdventureWorksFromBackup.sql
	EndProjectSection
EndProject
Global
	GlobalSection(SolutionConfigurationPlatforms) = preSolution
		Debug|Any CPU = Debug|Any CPU
		Release|Any CPU = Release|Any CPU
	EndGlobalSection
	GlobalSection(ProjectConfigurationPlatforms) = postSolution
		{DF176648-49FE-4DAA-84A8-F6D27EC90459}.Debug|Any CPU.ActiveCfg = Debug|Any CPU
		{DF176648-49FE-4DAA-84A8-F6D27EC90459}.Debug|Any CPU.Build.0 = Debug|Any CPU
		{DF176648-49FE-4DAA-84A8-F6D27EC90459}.Release|Any CPU.ActiveCfg = Release|Any CPU
		{DF176648-49FE-4DAA-84A8-F6D27EC90459}.Release|Any CPU.Build.0 = Release|Any CPU
	EndGlobalSection
	GlobalSection(SolutionProperties) = preSolution
		HideSolutionNode = FALSE
	EndGlobalSection
EndGlobal
